
Microsoft Visual Studio Solution File, Format Version 12.00
# Visual Studio Version 17
VisualStudioVersion = 17.2.32630.192
MinimumVisualStudioVersion = 10.0.40219.1
Project("{FAE04EC0-301F-11D3-BF4B-00C04F79EFBC}") = "SubSystemWin", "SubSystemWin.csproj", "{A2980252-9972-4715-87BC-098E91799A50}"
EndProject
Global
	GlobalSection(SolutionConfigurationPlatforms) = preSolution
		Debug|Any CPU = Debug|Any CPU
		Release|Any CPU = Release|Any CPU
	EndGlobalSection
	GlobalSection(ProjectConfigurationPlatforms) = postSolution
		{A2980252-9972-4715-87BC-098E91799A50}.Debug|Any CPU.ActiveCfg = Debug|Any CPU
		{A2980252-9972-4715-87BC-098E91799A50}.Debug|Any CPU.Build.0 = Debug|Any CPU
		{A2980252-9972-4715-87BC-098E91799A50}.Release|Any CPU.ActiveCfg = Release|Any CPU
		{A2980252-9972-4715-87BC-098E91799A50}.Release|Any CPU.Build.0 = Release|Any CPU
	EndGlobalSection
	GlobalSection(SolutionProperties) = preSolution
		HideSolutionNode = FALSE
	EndGlobalSection
	GlobalSection(ExtensibilityGlobals) = postSolution
		SolutionGuid = {254A9899-B400-4660-9AB4-D72CC35C9941}
	EndGlobalSection
EndGlobal
